
Microsoft Visual Studio Solution File, Format Version 10.00
# Visual Studio 2008
Project("{54435603-DBB4-11D2-8724-00A0C9A8B90C}") = "QuickUsbSetup", "QuickUsbSetup\QuickUsbSetup.vdproj", "{94D12683-4290-4F0A-9620-CAB47F45366E}"
EndProject
Global
	GlobalSection(SolutionConfigurationPlatforms) = preSolution
		Debug|Default = Debug|Default
		Release|Default = Release|Default
	EndGlobalSection
	GlobalSection(ProjectConfigurationPlatforms) = postSolution
		{94D12683-4290-4F0A-9620-CAB47F45366E}.Debug|Default.ActiveCfg = Debug
		{94D12683-4290-4F0A-9620-CAB47F45366E}.Debug|Default.Build.0 = Debug
		{94D12683-4290-4F0A-9620-CAB47F45366E}.Release|Default.ActiveCfg = Release
		{94D12683-4290-4F0A-9620-CAB47F45366E}.Release|Default.Build.0 = Release
	EndGlobalSection
	GlobalSection(SolutionProperties) = preSolution
		HideSolutionNode = FALSE
	EndGlobalSection
EndGlobal
