
Microsoft Visual Studio Solution File, Format Version 10.00
# Visual Studio 2008
Project("{8BC9CEB8-8B4A-11D0-8D11-00A0C91BC942}") = "CQuickUsbUnitTest", "CQuickUsbUnitTest.vcproj", "{F90622B6-014D-40CB-B599-D7B24F0402A2}"
	ProjectSection(ProjectDependencies) = postProject
		{1390D8A7-C5E0-4E5B-ACFB-C540C9F15504} = {1390D8A7-C5E0-4E5B-ACFB-C540C9F15504}
	EndProjectSection
EndProject
Project("{8BC9CEB8-8B4A-11D0-8D11-00A0C91BC942}") = "QuickUSB", "..\..\QuickUSB\QuickUSB.vcproj", "{1390D8A7-C5E0-4E5B-ACFB-C540C9F15504}"
EndProject
Global
	GlobalSection(SolutionConfigurationPlatforms) = preSolution
		Debug|Win32 = Debug|Win32
		Debug|x64 = Debug|x64
		Release|Win32 = Release|Win32
		Release|x64 = Release|x64
	EndGlobalSection
	GlobalSection(ProjectConfigurationPlatforms) = postSolution
		{F90622B6-014D-40CB-B599-D7B24F0402A2}.Debug|Win32.ActiveCfg = Debug|Win32
		{F90622B6-014D-40CB-B599-D7B24F0402A2}.Debug|Win32.Build.0 = Debug|Win32
		{F90622B6-014D-40CB-B599-D7B24F0402A2}.Debug|Win32.Deploy.0 = Debug|Win32
		{F90622B6-014D-40CB-B599-D7B24F0402A2}.Debug|x64.ActiveCfg = Debug|x64
		{F90622B6-014D-40CB-B599-D7B24F0402A2}.Debug|x64.Build.0 = Debug|x64
		{F90622B6-014D-40CB-B599-D7B24F0402A2}.Release|Win32.ActiveCfg = Release|Win32
		{F90622B6-014D-40CB-B599-D7B24F0402A2}.Release|Win32.Build.0 = Release|Win32
		{F90622B6-014D-40CB-B599-D7B24F0402A2}.Release|x64.ActiveCfg = Release|Win32
		{F90622B6-014D-40CB-B599-D7B24F0402A2}.Release|x64.Build.0 = Release|Win32
		{1390D8A7-C5E0-4E5B-ACFB-C540C9F15504}.Debug|Win32.ActiveCfg = Debug|Win32
		{1390D8A7-C5E0-4E5B-ACFB-C540C9F15504}.Debug|Win32.Build.0 = Debug|Win32
		{1390D8A7-C5E0-4E5B-ACFB-C540C9F15504}.Debug|Win32.Deploy.0 = Debug|Win32
		{1390D8A7-C5E0-4E5B-ACFB-C540C9F15504}.Debug|x64.ActiveCfg = Debug|x64
		{1390D8A7-C5E0-4E5B-ACFB-C540C9F15504}.Debug|x64.Build.0 = Debug|x64
		{1390D8A7-C5E0-4E5B-ACFB-C540C9F15504}.Release|Win32.ActiveCfg = Release|Win32
		{1390D8A7-C5E0-4E5B-ACFB-C540C9F15504}.Release|Win32.Build.0 = Release|Win32
		{1390D8A7-C5E0-4E5B-ACFB-C540C9F15504}.Release|x64.ActiveCfg = Release|x64
		{1390D8A7-C5E0-4E5B-ACFB-C540C9F15504}.Release|x64.Build.0 = Release|x64
	EndGlobalSection
	GlobalSection(SolutionProperties) = preSolution
		HideSolutionNode = FALSE
	EndGlobalSection
EndGlobal
