
Microsoft Visual Studio Solution File, Format Version 10.00
# Visual Studio 2008
Project("{FAE04EC0-301F-11D3-BF4B-00C04F79EFBC}") = "QuickUsbBulkAsyncImagingCs", "QuickUsbBulkAsyncImagingCs\QuickUsbBulkAsyncImagingCs.csproj", "{30F2E110-056F-4683-8D18-503601969DAA}"
EndProject
Global
	GlobalSection(SolutionConfigurationPlatforms) = preSolution
		Debug|Any CPU = Debug|Any CPU
		Release|Any CPU = Release|Any CPU
	EndGlobalSection
	GlobalSection(ProjectConfigurationPlatforms) = postSolution
		{30F2E110-056F-4683-8D18-503601969DAA}.Debug|Any CPU.ActiveCfg = Debug|Any CPU
		{30F2E110-056F-4683-8D18-503601969DAA}.Debug|Any CPU.Build.0 = Debug|Any CPU
		{30F2E110-056F-4683-8D18-503601969DAA}.Release|Any CPU.ActiveCfg = Release|Any CPU
		{30F2E110-056F-4683-8D18-503601969DAA}.Release|Any CPU.Build.0 = Release|Any CPU
	EndGlobalSection
	GlobalSection(SolutionProperties) = preSolution
		HideSolutionNode = FALSE
	EndGlobalSection
EndGlobal
