
Microsoft Visual Studio Solution File, Format Version 10.00
# Visual Studio 2008
Project("{FAE04EC0-301F-11D3-BF4B-00C04F79EFBC}") = "QuickUsbXilinxProg", "QuickUsbXilinxProg\QuickUsbXilinxProg.csproj", "{A5A9C8C6-A292-4A30-91B7-02D19EC7B397}"
EndProject
Global
	GlobalSection(SolutionConfigurationPlatforms) = preSolution
		Debug|Any CPU = Debug|Any CPU
		Release|Any CPU = Release|Any CPU
	EndGlobalSection
	GlobalSection(ProjectConfigurationPlatforms) = postSolution
		{A5A9C8C6-A292-4A30-91B7-02D19EC7B397}.Debug|Any CPU.ActiveCfg = Debug|Any CPU
		{A5A9C8C6-A292-4A30-91B7-02D19EC7B397}.Debug|Any CPU.Build.0 = Debug|Any CPU
		{A5A9C8C6-A292-4A30-91B7-02D19EC7B397}.Release|Any CPU.ActiveCfg = Release|Any CPU
		{A5A9C8C6-A292-4A30-91B7-02D19EC7B397}.Release|Any CPU.Build.0 = Release|Any CPU
	EndGlobalSection
	GlobalSection(SolutionProperties) = preSolution
		HideSolutionNode = FALSE
	EndGlobalSection
EndGlobal
